
Microsoft Visual Studio Solution File, Format Version 12.00
# Visual Studio 15
VisualStudioVersion = 15.0.27428.2037
MinimumVisualStudioVersion = 10.0.40219.1
Project("{FAE04EC0-301F-11D3-BF4B-00C04F79EFBC}") = "Gelirler", "Gelirler.csproj", "{63D75042-3B85-4299-BE89-721006898EEB}"
EndProject
Global
	GlobalSection(SolutionConfigurationPlatforms) = preSolution
		Debug|Any CPU = Debug|Any CPU
		Release|Any CPU = Release|Any CPU
	EndGlobalSection
	GlobalSection(ProjectConfigurationPlatforms) = postSolution
		{63D75042-3B85-4299-BE89-721006898EEB}.Debug|Any CPU.ActiveCfg = Debug|Any CPU
		{63D75042-3B85-4299-BE89-721006898EEB}.Debug|Any CPU.Build.0 = Debug|Any CPU
		{63D75042-3B85-4299-BE89-721006898EEB}.Release|Any CPU.ActiveCfg = Release|Any CPU
		{63D75042-3B85-4299-BE89-721006898EEB}.Release|Any CPU.Build.0 = Release|Any CPU
	EndGlobalSection
	GlobalSection(SolutionProperties) = preSolution
		HideSolutionNode = FALSE
	EndGlobalSection
	GlobalSection(ExtensibilityGlobals) = postSolution
		SolutionGuid = {AB21515B-ACCB-460A-BF26-F164DCCFF168}
	EndGlobalSection
EndGlobal
